
Microsoft Visual Studio Solution File, Format Version 12.00
# Visual Studio Version 16
VisualStudioVersion = 16.0.31515.178
MinimumVisualStudioVersion = 10.0.40219.1
Project("{FAE04EC0-301F-11D3-BF4B-00C04F79EFBC}") = "CrudAspNetCoreWebAPI", "CrudAspNetCoreWebAPI.csproj", "{3AD1DFF5-C579-4A2D-9C4E-EE0F5703EA6F}"
EndProject
Global
	GlobalSection(SolutionConfigurationPlatforms) = preSolution
		Debug|Any CPU = Debug|Any CPU
		Release|Any CPU = Release|Any CPU
	EndGlobalSection
	GlobalSection(ProjectConfigurationPlatforms) = postSolution
		{3AD1DFF5-C579-4A2D-9C4E-EE0F5703EA6F}.Debug|Any CPU.ActiveCfg = Debug|Any CPU
		{3AD1DFF5-C579-4A2D-9C4E-EE0F5703EA6F}.Debug|Any CPU.Build.0 = Debug|Any CPU
		{3AD1DFF5-C579-4A2D-9C4E-EE0F5703EA6F}.Release|Any CPU.ActiveCfg = Release|Any CPU
		{3AD1DFF5-C579-4A2D-9C4E-EE0F5703EA6F}.Release|Any CPU.Build.0 = Release|Any CPU
	EndGlobalSection
	GlobalSection(SolutionProperties) = preSolution
		HideSolutionNode = FALSE
	EndGlobalSection
	GlobalSection(ExtensibilityGlobals) = postSolution
		SolutionGuid = {BE6E257A-9A91-4C5A-954D-5BF2FAA0A0FC}
	EndGlobalSection
EndGlobal
